
Microsoft Visual Studio Solution File, Format Version 12.00
# Visual Studio 15
VisualStudioVersion = 15.0.28307.1500
MinimumVisualStudioVersion = 10.0.40219.1
Project("{9A19103F-16F7-4668-BE54-9A1E7A4F7556}") = "Iskra2Patch", "Iskra2Patch.csproj", "{1098AA52-173F-4A6B-BA82-E7BA7BD16C04}"
EndProject
Global
	GlobalSection(SolutionConfigurationPlatforms) = preSolution
		Debug|Any CPU = Debug|Any CPU
		Release|Any CPU = Release|Any CPU
	EndGlobalSection
	GlobalSection(ProjectConfigurationPlatforms) = postSolution
		{1098AA52-173F-4A6B-BA82-E7BA7BD16C04}.Debug|Any CPU.ActiveCfg = Debug|Any CPU
		{1098AA52-173F-4A6B-BA82-E7BA7BD16C04}.Debug|Any CPU.Build.0 = Debug|Any CPU
		{1098AA52-173F-4A6B-BA82-E7BA7BD16C04}.Release|Any CPU.ActiveCfg = Release|Any CPU
		{1098AA52-173F-4A6B-BA82-E7BA7BD16C04}.Release|Any CPU.Build.0 = Release|Any CPU
	EndGlobalSection
	GlobalSection(SolutionProperties) = preSolution
		HideSolutionNode = FALSE
	EndGlobalSection
	GlobalSection(ExtensibilityGlobals) = postSolution
		SolutionGuid = {E36C186E-0637-4A4B-BFF1-7F0F868D94B3}
	EndGlobalSection
EndGlobal
